
Microsoft Visual Studio Solution File, Format Version 12.00
# Visual Studio Version 17
VisualStudioVersion = 17.14.36221.1 d17.14
MinimumVisualStudioVersion = 10.0.40219.1
Project("{FAE04EC0-301F-11D3-BF4B-00C04F79EFBC}") = "CompareExcel", "CompareExcel.csproj", "{58020A05-5248-4F5E-A7EE-1C9FD975313B}"
EndProject
Global
	GlobalSection(SolutionConfigurationPlatforms) = preSolution
		Debug|Any CPU = Debug|Any CPU
		Release|Any CPU = Release|Any CPU
	EndGlobalSection
	GlobalSection(ProjectConfigurationPlatforms) = postSolution
		{58020A05-5248-4F5E-A7EE-1C9FD975313B}.Debug|Any CPU.ActiveCfg = Debug|Any CPU
		{58020A05-5248-4F5E-A7EE-1C9FD975313B}.Debug|Any CPU.Build.0 = Debug|Any CPU
		{58020A05-5248-4F5E-A7EE-1C9FD975313B}.Release|Any CPU.ActiveCfg = Release|Any CPU
		{58020A05-5248-4F5E-A7EE-1C9FD975313B}.Release|Any CPU.Build.0 = Release|Any CPU
	EndGlobalSection
	GlobalSection(SolutionProperties) = preSolution
		HideSolutionNode = FALSE
	EndGlobalSection
	GlobalSection(ExtensibilityGlobals) = postSolution
		SolutionGuid = {F0C4FE1C-7220-4917-A224-4F0B751A34C9}
	EndGlobalSection
EndGlobal
