
Microsoft Visual Studio Solution File, Format Version 12.00
# Visual Studio Version 17
VisualStudioVersion = 17.0.31903.59
MinimumVisualStudioVersion = 10.0.40219.1
Project("{FAE04EC0-301F-11D3-BF4B-00C04F79EFBC}") = "ExporterSourceGenerator", "ExporterSourceGenerator\ExporterSourceGenerator.csproj", "{DE35BD3C-199A-8810-7AC3-46FD9EB78D4E}"
EndProject
Project("{FAE04EC0-301F-11D3-BF4B-00C04F79EFBC}") = "ExporterSourceGenerator.Shared", "ExporterSourceGenerator.Shared\ExporterSourceGenerator.Shared.csproj", "{08C60C0E-F87D-38A0-CD5E-644004DB52F9}"
EndProject
Project("{2150E333-8FDC-42A3-9474-1A3956D46DE8}") = "Solution Items", "Solution Items", "{8EC462FD-D22E-90A8-E5CE-7E832BA40C5D}"
	ProjectSection(SolutionItems) = preProject
		readme.md = readme.md
	EndProjectSection
EndProject
Project("{FAE04EC0-301F-11D3-BF4B-00C04F79EFBC}") = "CSVExporter", "Exporter\CSVExporter.csproj", "{A5CE7331-E999-48D9-B9D0-C67A9EF6D2FE}"
EndProject
Global
	GlobalSection(SolutionConfigurationPlatforms) = preSolution
		Debug|Any CPU = Debug|Any CPU
		Release|Any CPU = Release|Any CPU
	EndGlobalSection
	GlobalSection(ProjectConfigurationPlatforms) = postSolution
		{DE35BD3C-199A-8810-7AC3-46FD9EB78D4E}.Debug|Any CPU.ActiveCfg = Debug|Any CPU
		{DE35BD3C-199A-8810-7AC3-46FD9EB78D4E}.Debug|Any CPU.Build.0 = Debug|Any CPU
		{DE35BD3C-199A-8810-7AC3-46FD9EB78D4E}.Release|Any CPU.ActiveCfg = Release|Any CPU
		{DE35BD3C-199A-8810-7AC3-46FD9EB78D4E}.Release|Any CPU.Build.0 = Release|Any CPU
		{08C60C0E-F87D-38A0-CD5E-644004DB52F9}.Debug|Any CPU.ActiveCfg = Debug|Any CPU
		{08C60C0E-F87D-38A0-CD5E-644004DB52F9}.Debug|Any CPU.Build.0 = Debug|Any CPU
		{08C60C0E-F87D-38A0-CD5E-644004DB52F9}.Release|Any CPU.ActiveCfg = Release|Any CPU
		{08C60C0E-F87D-38A0-CD5E-644004DB52F9}.Release|Any CPU.Build.0 = Release|Any CPU
		{A5CE7331-E999-48D9-B9D0-C67A9EF6D2FE}.Debug|Any CPU.ActiveCfg = Debug|Any CPU
		{A5CE7331-E999-48D9-B9D0-C67A9EF6D2FE}.Debug|Any CPU.Build.0 = Debug|Any CPU
		{A5CE7331-E999-48D9-B9D0-C67A9EF6D2FE}.Release|Any CPU.ActiveCfg = Release|Any CPU
		{A5CE7331-E999-48D9-B9D0-C67A9EF6D2FE}.Release|Any CPU.Build.0 = Release|Any CPU
	EndGlobalSection
	GlobalSection(SolutionProperties) = preSolution
		HideSolutionNode = FALSE
	EndGlobalSection
	GlobalSection(ExtensibilityGlobals) = postSolution
		SolutionGuid = {F0EC7E21-2552-472A-9D29-450F43511E6B}
	EndGlobalSection
EndGlobal
